
Microsoft Visual Studio Solution File, Format Version 12.00
# Visual Studio 15
VisualStudioVersion = 15.0.27428.2011
MinimumVisualStudioVersion = 10.0.40219.1
Project("{FAE04EC0-301F-11D3-BF4B-00C04F79EFBC}") = "ConsoleApp9", "ConsoleApp9\ConsoleApp9.csproj", "{4F060A90-87EB-4C04-84C5-DD1FBC3B319F}"
EndProject
Global
	GlobalSection(SolutionConfigurationPlatforms) = preSolution
		Debug|Any CPU = Debug|Any CPU
		Release|Any CPU = Release|Any CPU
	EndGlobalSection
	GlobalSection(ProjectConfigurationPlatforms) = postSolution
		{4F060A90-87EB-4C04-84C5-DD1FBC3B319F}.Debug|Any CPU.ActiveCfg = Debug|Any CPU
		{4F060A90-87EB-4C04-84C5-DD1FBC3B319F}.Debug|Any CPU.Build.0 = Debug|Any CPU
		{4F060A90-87EB-4C04-84C5-DD1FBC3B319F}.Release|Any CPU.ActiveCfg = Release|Any CPU
		{4F060A90-87EB-4C04-84C5-DD1FBC3B319F}.Release|Any CPU.Build.0 = Release|Any CPU
	EndGlobalSection
	GlobalSection(SolutionProperties) = preSolution
		HideSolutionNode = FALSE
	EndGlobalSection
	GlobalSection(ExtensibilityGlobals) = postSolution
		SolutionGuid = {7A703CFB-0F42-4462-AF67-81DAAA748FBF}
	EndGlobalSection
EndGlobal
